
Microsoft Visual Studio Solution File, Format Version 12.00
# Visual Studio Version 17
VisualStudioVersion = 17.2.32210.308
MinimumVisualStudioVersion = 10.0.40219.1
Project("{9A19103F-16F7-4668-BE54-9A1E7A4F7556}") = "api-pix-net", "api-pix-net\api-pix-net.csproj", "{213523F5-B08E-43C6-BFEE-09591BE95046}"
EndProject
Global
	GlobalSection(SolutionConfigurationPlatforms) = preSolution
		Debug|Any CPU = Debug|Any CPU
		Release|Any CPU = Release|Any CPU
	EndGlobalSection
	GlobalSection(ProjectConfigurationPlatforms) = postSolution
		{213523F5-B08E-43C6-BFEE-09591BE95046}.Debug|Any CPU.ActiveCfg = Debug|Any CPU
		{213523F5-B08E-43C6-BFEE-09591BE95046}.Debug|Any CPU.Build.0 = Debug|Any CPU
		{213523F5-B08E-43C6-BFEE-09591BE95046}.Release|Any CPU.ActiveCfg = Release|Any CPU
		{213523F5-B08E-43C6-BFEE-09591BE95046}.Release|Any CPU.Build.0 = Release|Any CPU
	EndGlobalSection
	GlobalSection(SolutionProperties) = preSolution
		HideSolutionNode = FALSE
	EndGlobalSection
	GlobalSection(ExtensibilityGlobals) = postSolution
		SolutionGuid = {2060E53C-9BA7-42FC-8435-058AA0AC48B6}
	EndGlobalSection
EndGlobal
